
Microsoft Visual Studio Solution File, Format Version 12.00
# Visual Studio 14
VisualStudioVersion = 14.0.24720.0
MinimumVisualStudioVersion = 10.0.40219.1
Project("{FAE04EC0-301F-11D3-BF4B-00C04F79EFBC}") = "hexdump", "hexdump\hexdump.csproj", "{7987A447-D529-4853-AC23-B484B21617EF}"
EndProject
Global
	GlobalSection(SolutionConfigurationPlatforms) = preSolution
		Debug|Any CPU = Debug|Any CPU
		Release|Any CPU = Release|Any CPU
	EndGlobalSection
	GlobalSection(ProjectConfigurationPlatforms) = postSolution
		{7987A447-D529-4853-AC23-B484B21617EF}.Debug|Any CPU.ActiveCfg = Debug|Any CPU
		{7987A447-D529-4853-AC23-B484B21617EF}.Debug|Any CPU.Build.0 = Debug|Any CPU
		{7987A447-D529-4853-AC23-B484B21617EF}.Release|Any CPU.ActiveCfg = Release|Any CPU
		{7987A447-D529-4853-AC23-B484B21617EF}.Release|Any CPU.Build.0 = Release|Any CPU
		{A6CD02CF-4756-47F2-B2BE-7358E3E1808F}.Debug|Any CPU.ActiveCfg = Debug|Any CPU
		{A6CD02CF-4756-47F2-B2BE-7358E3E1808F}.Debug|Any CPU.Build.0 = Debug|Any CPU
		{A6CD02CF-4756-47F2-B2BE-7358E3E1808F}.Release|Any CPU.ActiveCfg = Release|Any CPU
		{A6CD02CF-4756-47F2-B2BE-7358E3E1808F}.Release|Any CPU.Build.0 = Release|Any CPU
	EndGlobalSection
	GlobalSection(SolutionProperties) = preSolution
		HideSolutionNode = FALSE
	EndGlobalSection
EndGlobal
